lockfileVersion: '6.0'

settings:
  autoInstallPeers: true
  excludeLinksFromLockfile: false

dependencies:
  framer-motion:
    specifier: ^10.13.1
    version: 10.13.1

packages:

  /@emotion/is-prop-valid@0.8.8:
    resolution: {integrity: sha512-u5WtneEAr5IDG2Wv65yhunPSMLIpuKsbuOktRojfrEiEvRyC85LgPMZI63cr7NUqT8ZIGdSVg8ZKGxIug4lXcA==}
    requiresBuild: true
    dependencies:
      '@emotion/memoize': 0.7.4
    dev: false
    optional: true

  /@emotion/memoize@0.7.4:
    resolution: {integrity: sha512-Ja/Vfqe3HpuzRsG1oBtWTHk2PGZ7GR+2Vz5iYGelAw8dx32K0y7PjVuxK6z1nMpZOqAFsRUPCkK1YjJ56qJlgw==}
    dev: false
    optional: true

  /framer-motion@10.13.1:
    resolution: {integrity: sha512-uiKsaLEoySeln3eOPy8wUB3FkNtRRiVga5xJOkgs7C0sHVyvpJajXJFSoabt+emBojgnMQY0epnjl0ppoYPxkQ==}
    peerDependencies:
      react: ^18.0.0
      react-dom: ^18.0.0
    peerDependenciesMeta:
      react:
        optional: true
      react-dom:
        optional: true
    dependencies:
      tslib: 2.6.1
    optionalDependencies:
      '@emotion/is-prop-valid': 0.8.8
    dev: false

  /tslib@2.6.1:
    resolution: {integrity: sha512-t0hLfiEKfMUoqhG+U1oid7Pva4bbDPHYfJNiB7BiIjRkj1pyC++4N3huJfqY6aRH6VTB0rvtzQwjM4K6qpfOig==}
    dev: false
